
Microsoft Visual Studio Solution File, Format Version 12.00
# Visual Studio 15
VisualStudioVersion = 15.0.26730.12
MinimumVisualStudioVersion = 10.0.40219.1
Project("{FAE04EC0-301F-11D3-BF4B-00C04F79EFBC}") = "Unit Converter", "Unit Converter\Unit Converter.csproj", "{A66B915A-4761-4BDC-BB33-C6F5CB756083}"
EndProject
Global
	GlobalSection(SolutionConfigurationPlatforms) = preSolution
		Debug|Any CPU = Debug|Any CPU
		Release|Any CPU = Release|Any CPU
	EndGlobalSection
	GlobalSection(ProjectConfigurationPlatforms) = postSolution
		{A66B915A-4761-4BDC-BB33-C6F5CB756083}.Debug|Any CPU.ActiveCfg = Debug|Any CPU
		{A66B915A-4761-4BDC-BB33-C6F5CB756083}.Debug|Any CPU.Build.0 = Debug|Any CPU
		{A66B915A-4761-4BDC-BB33-C6F5CB756083}.Release|Any CPU.ActiveCfg = Release|Any CPU
		{A66B915A-4761-4BDC-BB33-C6F5CB756083}.Release|Any CPU.Build.0 = Release|Any CPU
	EndGlobalSection
	GlobalSection(SolutionProperties) = preSolution
		HideSolutionNode = FALSE
	EndGlobalSection
	GlobalSection(ExtensibilityGlobals) = postSolution
		SolutionGuid = {8AA0460B-CC4D-4A44-91B9-AAB2B2CD4A6C}
	EndGlobalSection
EndGlobal
